// !$*UTF8*$!
{
	archiveVersion = 1;
	classes = {
	};
	objectVersion = 46;
	objects = {

/* Begin PBXBuildFile section */
		B6DD2B1C4B4AF7A13EDD9A86 /* Pods_ContactsUITests.framework in Frameworks */ = {isa = PBXBuildFile; fileRef = 037C51E9502157EF13E640F6 /* Pods_ContactsUITests.framework */; };
		C118AF1E29571172ECB19C2D /* Pods_ContactsTests.framework in Frameworks */ = {isa = PBXBuildFile; fileRef = F2BBBF87E31453BCD395F10F /* Pods_ContactsTests.framework */; };
		DB15C5E01F064A5900F0D7C1 /* ContactDetailInteractor.swift in Sources */ = {isa = PBXBuildFile; fileRef = DB15C5DF1F064A5900F0D7C1 /* ContactDetailInteractor.swift */; };
		DB15C5E41F064AF200F0D7C1 /* ContactDetailRemoteDataManager.swift in Sources */ = {isa = PBXBuildFile; fileRef = DB15C5E31F064AF200F0D7C1 /* ContactDetailRemoteDataManager.swift */; };
		DB15C5E61F064B0700F0D7C1 /* ContactDetailLocalDataManager.swift in Sources */ = {isa = PBXBuildFile; fileRef = DB15C5E51F064B0600F0D7C1 /* ContactDetailLocalDataManager.swift */; };
		DB17BDBD1F038E61008A13A7 /* ContactListView.swift in Sources */ = {isa = PBXBuildFile; fileRef = DB17BDBC1F038E61008A13A7 /* ContactListView.swift */; };
		DB17BDC01F0390EF008A13A7 /* ContactTableViewCell.swift in Sources */ = {isa = PBXBuildFile; fileRef = DB17BDBF1F0390EF008A13A7 /* ContactTableViewCell.swift */; };
		DB1E98441F04FBB6005BE4AA /* ContactDetailWireFrame.swift in Sources */ = {isa = PBXBuildFile; fileRef = DB1E98431F04FBB6005BE4AA /* ContactDetailWireFrame.swift */; };
		DB1E984C1F04FCA9005BE4AA /* ContactDetailView.swift in Sources */ = {isa = PBXBuildFile; fileRef = DB1E984B1F04FCA9005BE4AA /* ContactDetailView.swift */; };
		DB1E984E1F04FD1A005BE4AA /* ContactDetailProtocols.swift in Sources */ = {isa = PBXBuildFile; fileRef = DB1E984D1F04FD1A005BE4AA /* ContactDetailProtocols.swift */; };
		DB1E98501F04FD90005BE4AA /* ContactDetailPresenter.swift in Sources */ = {isa = PBXBuildFile; fileRef = DB1E984F1F04FD90005BE4AA /* ContactDetailPresenter.swift */; };
		DB2B373A1F03674100C6D75D /* AppDelegate.swift in Sources */ = {isa = PBXBuildFile; fileRef = DB2B37391F03674100C6D75D /* AppDelegate.swift */; };
		DB2B373C1F03674100C6D75D /* ViewController.swift in Sources */ = {isa = PBXBuildFile; fileRef = DB2B373B1F03674100C6D75D /* ViewController.swift */; };
		DB2B373F1F03674100C6D75D /* Main.storyboard in Resources */ = {isa = PBXBuildFile; fileRef = DB2B373D1F03674100C6D75D /* Main.storyboard */; };
		DB2B37421F03674100C6D75D /* DataModel.xcdatamodeld in Sources */ = {isa = PBXBuildFile; fileRef = DB2B37401F03674100C6D75D /* DataModel.xcdatamodeld */; };
		DB2B37441F03674100C6D75D /* Assets.xcassets in Resources */ = {isa = PBXBuildFile; fileRef = DB2B37431F03674100C6D75D /* Assets.xcassets */; };
		DB2B37471F03674100C6D75D /* LaunchScreen.storyboard in Resources */ = {isa = PBXBuildFile; fileRef = DB2B37451F03674100C6D75D /* LaunchScreen.storyboard */; };
		DB2B37521F03674100C6D75D /* ContactsTests.swift in Sources */ = {isa = PBXBuildFile; fileRef = DB2B37511F03674100C6D75D /* ContactsTests.swift */; };
		DB2B375D1F03674100C6D75D /* ContactsUITests.swift in Sources */ = {isa = PBXBuildFile; fileRef = DB2B375C1F03674100C6D75D /* ContactsUITests.swift */; };
		DB2F4C7E1F049BA000820B26 /* Contact+CoreData.swift in Sources */ = {isa = PBXBuildFile; fileRef = DB2F4C7D1F049BA000820B26 /* Contact+CoreData.swift */; };
		DB8E7AA51F08C8AD006999B2 /* HUD.swift in Sources */ = {isa = PBXBuildFile; fileRef = DB8E7AA41F08C8AD006999B2 /* HUD.swift */; };
		DB8E7AA71F08D2AB006999B2 /* UIViewUtilities.swift in Sources */ = {isa = PBXBuildFile; fileRef = DB8E7AA61F08D2AB006999B2 /* UIViewUtilities.swift */; };
		DB8E7AA91F08D443006999B2 /* ColorUtilities.swift in Sources */ = {isa = PBXBuildFile; fileRef = DB8E7AA81F08D443006999B2 /* ColorUtilities.swift */; };
		DB904C481F04A54500A656F4 /* ContactListWireFrame.swift in Sources */ = {isa = PBXBuildFile; fileRef = DB904C471F04A54500A656F4 /* ContactListWireFrame.swift */; };
		DB904C4A1F04AB3E00A656F4 /* ContactListPresenter.swift in Sources */ = {isa = PBXBuildFile; fileRef = DB904C491F04AB3E00A656F4 /* ContactListPresenter.swift */; };
		DB904C4C1F04AD1700A656F4 /* ContactListInteractor.swift in Sources */ = {isa = PBXBuildFile; fileRef = DB904C4B1F04AD1700A656F4 /* ContactListInteractor.swift */; };
		DB904C4E1F04B06E00A656F4 /* ContactListLocalDataManager.swift in Sources */ = {isa = PBXBuildFile; fileRef = DB904C4D1F04B06E00A656F4 /* ContactListLocalDataManager.swift */; };
		DB9206461F0408890063B3D6 /* CoreDataStore.swift in Sources */ = {isa = PBXBuildFile; fileRef = DB9206451F0408890063B3D6 /* CoreDataStore.swift */; };
		DBBB6C2A1F03BEA4007A11FC /* ContactListRemoteDataManager.swift in Sources */ = {isa = PBXBuildFile; fileRef = DBBB6C291F03BEA4007A11FC /* ContactListRemoteDataManager.swift */; };
		DBE1D9901F03694F00AC3580 /* Endpoint.swift in Sources */ = {isa = PBXBuildFile; fileRef = DBE1D98F1F03694F00AC3580 /* Endpoint.swift */; };
		DBE1D9921F0371D300AC3580 /* PersistenceError.swift in Sources */ = {isa = PBXBuildFile; fileRef = DBE1D9911F0371D300AC3580 /* PersistenceError.swift */; };
		DBF3F7FE1F03C7F4009C3E83 /* ContactListProtocol.swift in Sources */ = {isa = PBXBuildFile; fileRef = DBF3F7FD1F03C7F4009C3E83 /* ContactListProtocol.swift */; };
		DBF3F8001F0402C7009C3E83 /* Contact+CoreDataProperties.swift in Sources */ = {isa = PBXBuildFile; fileRef = DBF3F7FF1F0402C7009C3E83 /* Contact+CoreDataProperties.swift */; };
		DBF3F8021F0403D2009C3E83 /* ContactModel.swift in Sources */ = {isa = PBXBuildFile; fileRef = DBF3F8011F0403D2009C3E83 /* ContactModel.swift */; };
		DD3F29849AC97D0949FB0BCE /* Pods_Contacts.framework in Frameworks */ = {isa = PBXBuildFile; fileRef = 2615D01F01667A335A3FC158 /* Pods_Contacts.framework */; };
/* End PBXBuildFile section */

/* Begin PBXContainerItemProxy section */
		DB2B374E1F03674100C6D75D /* PBXContainerItemProxy */ = {
			isa = PBXContainerItemProxy;
			containerPortal = DB2B372E1F03674100C6D75D /* Project object */;
			proxyType = 1;
			remoteGlobalIDString = DB2B37351F03674100C6D75D;
			remoteInfo = Contacts;
		};
		DB2B37591F03674100C6D75D /* PBXContainerItemProxy */ = {
			isa = PBXContainerItemProxy;
			containerPortal = DB2B372E1F03674100C6D75D /* Project object */;
			proxyType = 1;
			remoteGlobalIDString = DB2B37351F03674100C6D75D;
			remoteInfo = Contacts;
		};
/* End PBXContainerItemProxy section */

/* Begin PBXFileReference section */
		037C51E9502157EF13E640F6 /* Pods_ContactsUITests.framework */ = {isa = PBXFileReference; explicitFileType = wrapper.framework; includeInIndex = 0; path = Pods_ContactsUITests.framework; sourceTree = BUILT_PRODUCTS_DIR; };
		0CFF3C6A6030AC1103939D26 /* Pods-ContactsTests.debug.xcconfig */ = {isa = PBXFileReference; includeInIndex = 1; lastKnownFileType = text.xcconfig; name = "Pods-ContactsTests.debug.xcconfig"; path = "Pods/Target Support Files/Pods-ContactsTests/Pods-ContactsTests.debug.xcconfig"; sourceTree = "<group>"; };
		1A352287D0657CFDCA57EA72 /* Pods-ContactsTests.release.xcconfig */ = {isa = PBXFileReference; includeInIndex = 1; lastKnownFileType = text.xcconfig; name = "Pods-ContactsTests.release.xcconfig"; path = "Pods/Target Support Files/Pods-ContactsTests/Pods-ContactsTests.release.xcconfig"; sourceTree = "<group>"; };
		2615D01F01667A335A3FC158 /* Pods_Contacts.framework */ = {isa = PBXFileReference; explicitFileType = wrapper.framework; includeInIndex = 0; path = Pods_Contacts.framework; sourceTree = BUILT_PRODUCTS_DIR; };
		79D5A95C4ED3577B3C2DE145 /* Pods-ContactsUITests.release.xcconfig */ = {isa = PBXFileReference; includeInIndex = 1; lastKnownFileType = text.xcconfig; name = "Pods-ContactsUITests.release.xcconfig"; path = "Pods/Target Support Files/Pods-ContactsUITests/Pods-ContactsUITests.release.xcconfig"; sourceTree = "<group>"; };
		8F1F3421D97C377D3D5F801A /* Pods-ContactsUITests.debug.xcconfig */ = {isa = PBXFileReference; includeInIndex = 1; lastKnownFileType = text.xcconfig; name = "Pods-ContactsUITests.debug.xcconfig"; path = "Pods/Target Support Files/Pods-ContactsUITests/Pods-ContactsUITests.debug.xcconfig"; sourceTree = "<group>"; };
		B9F82493D4F6B33BED284354 /* Pods-Contacts.debug.xcconfig */ = {isa = PBXFileReference; includeInIndex = 1; lastKnownFileType = text.xcconfig; name = "Pods-Contacts.debug.xcconfig"; path = "Pods/Target Support Files/Pods-Contacts/Pods-Contacts.debug.xcconfig"; sourceTree = "<group>"; };
		D13AA8905CD29DB232801CA0 /* Pods-Contacts.release.xcconfig */ = {isa = PBXFileReference; includeInIndex = 1; lastKnownFileType = text.xcconfig; name = "Pods-Contacts.release.xcconfig"; path = "Pods/Target Support Files/Pods-Contacts/Pods-Contacts.release.xcconfig"; sourceTree = "<group>"; };
		DB15C5DF1F064A5900F0D7C1 /* ContactDetailInteractor.swift */ = {isa = PBXFileReference; fileEncoding = 4; lastKnownFileType = sourcecode.swift; path = ContactDetailInteractor.swift; sourceTree = "<group>"; };
		DB15C5E31F064AF200F0D7C1 /* ContactDetailRemoteDataManager.swift */ = {isa = PBXFileReference; fileEncoding = 4; lastKnownFileType = sourcecode.swift; path = ContactDetailRemoteDataManager.swift; sourceTree = "<group>"; };
		DB15C5E51F064B0600F0D7C1 /* ContactDetailLocalDataManager.swift */ = {isa = PBXFileReference; fileEncoding = 4; lastKnownFileType = sourcecode.swift; path = ContactDetailLocalDataManager.swift; sourceTree = "<group>"; };
		DB17BDBC1F038E61008A13A7 /* ContactListView.swift */ = {isa = PBXFileReference; fileEncoding = 4; lastKnownFileType = sourcecode.swift; path = ContactListView.swift; sourceTree = "<group>"; };
		DB17BDBF1F0390EF008A13A7 /* ContactTableViewCell.swift */ = {isa = PBXFileReference; fileEncoding = 4; lastKnownFileType = sourcecode.swift; path = ContactTableViewCell.swift; sourceTree = "<group>"; };
		DB1E98431F04FBB6005BE4AA /* ContactDetailWireFrame.swift */ = {isa = PBXFileReference; fileEncoding = 4; lastKnownFileType = sourcecode.swift; path = ContactDetailWireFrame.swift; sourceTree = "<group>"; };
		DB1E984B1F04FCA9005BE4AA /* ContactDetailView.swift */ = {isa = PBXFileReference; fileEncoding = 4; lastKnownFileType = sourcecode.swift; path = ContactDetailView.swift; sourceTree = "<group>"; };
		DB1E984D1F04FD1A005BE4AA /* ContactDetailProtocols.swift */ = {isa = PBXFileReference; fileEncoding = 4; lastKnownFileType = sourcecode.swift; path = ContactDetailProtocols.swift; sourceTree = "<group>"; };
		DB1E984F1F04FD90005BE4AA /* ContactDetailPresenter.swift */ = {isa = PBXFileReference; fileEncoding = 4; lastKnownFileType = sourcecode.swift; path = ContactDetailPresenter.swift; sourceTree = "<group>"; };
		DB2B37361F03674100C6D75D /* Contacts.app */ = {isa = PBXFileReference; explicitFileType = wrapper.application; includeInIndex = 0; path = Contacts.app; sourceTree = BUILT_PRODUCTS_DIR; };
		DB2B37391F03674100C6D75D /* AppDelegate.swift */ = {isa = PBXFileReference; lastKnownFileType = sourcecode.swift; path = AppDelegate.swift; sourceTree = "<group>"; };
		DB2B373B1F03674100C6D75D /* ViewController.swift */ = {isa = PBXFileReference; lastKnownFileType = sourcecode.swift; path = ViewController.swift; sourceTree = "<group>"; };
		DB2B373E1F03674100C6D75D /* Base */ = {isa = PBXFileReference; lastKnownFileType = file.storyboard; name = Base; path = Base.lproj/Main.storyboard; sourceTree = "<group>"; };
		DB2B37411F03674100C6D75D /* DataModel.xcdatamodel */ = {isa = PBXFileReference; lastKnownFileType = wrapper.xcdatamodel; path = DataModel.xcdatamodel; sourceTree = "<group>"; };
		DB2B37431F03674100C6D75D /* Assets.xcassets */ = {isa = PBXFileReference; lastKnownFileType = folder.assetcatalog; path = Assets.xcassets; sourceTree = "<group>"; };
		DB2B37461F03674100C6D75D /* Base */ = {isa = PBXFileReference; lastKnownFileType = file.storyboard; name = Base; path = Base.lproj/LaunchScreen.storyboard; sourceTree = "<group>"; };
		DB2B37481F03674100C6D75D /* Info.plist */ = {isa = PBXFileReference; lastKnownFileType = text.plist.xml; path = Info.plist; sourceTree = "<group>"; };
		DB2B374D1F03674100C6D75D /* ContactsTests.xctest */ = {isa = PBXFileReference; explicitFileType = wrapper.cfbundle; includeInIndex = 0; path = ContactsTests.xctest; sourceTree = BUILT_PRODUCTS_DIR; };
		DB2B37511F03674100C6D75D /* ContactsTests.swift */ = {isa = PBXFileReference; lastKnownFileType = sourcecode.swift; path = ContactsTests.swift; sourceTree = "<group>"; };
		DB2B37531F03674100C6D75D /* Info.plist */ = {isa = PBXFileReference; lastKnownFileType = text.plist.xml; path = Info.plist; sourceTree = "<group>"; };
		DB2B37581F03674100C6D75D /* ContactsUITests.xctest */ = {isa = PBXFileReference; explicitFileType = wrapper.cfbundle; includeInIndex = 0; path = ContactsUITests.xctest; sourceTree = BUILT_PRODUCTS_DIR; };
		DB2B375C1F03674100C6D75D /* ContactsUITests.swift */ = {isa = PBXFileReference; lastKnownFileType = sourcecode.swift; path = ContactsUITests.swift; sourceTree = "<group>"; };
		DB2B375E1F03674100C6D75D /* Info.plist */ = {isa = PBXFileReference; lastKnownFileType = text.plist.xml; path = Info.plist; sourceTree = "<group>"; };
		DB2F4C7D1F049BA000820B26 /* Contact+CoreData.swift */ = {isa = PBXFileReference; fileEncoding = 4; lastKnownFileType = sourcecode.swift; path = "Contact+CoreData.swift"; sourceTree = "<group>"; };
		DB8E7AA41F08C8AD006999B2 /* HUD.swift */ = {isa = PBXFileReference; fileEncoding = 4; lastKnownFileType = sourcecode.swift; path = HUD.swift; sourceTree = "<group>"; };
		DB8E7AA61F08D2AB006999B2 /* UIViewUtilities.swift */ = {isa = PBXFileReference; fileEncoding = 4; lastKnownFileType = sourcecode.swift; path = UIViewUtilities.swift; sourceTree = "<group>"; };
		DB8E7AA81F08D443006999B2 /* ColorUtilities.swift */ = {isa = PBXFileReference; fileEncoding = 4; lastKnownFileType = sourcecode.swift; path = ColorUtilities.swift; sourceTree = "<group>"; };
		DB904C471F04A54500A656F4 /* ContactListWireFrame.swift */ = {isa = PBXFileReference; fileEncoding = 4; lastKnownFileType = sourcecode.swift; path = ContactListWireFrame.swift; sourceTree = "<group>"; };
		DB904C491F04AB3E00A656F4 /* ContactListPresenter.swift */ = {isa = PBXFileReference; fileEncoding = 4; lastKnownFileType = sourcecode.swift; path = ContactListPresenter.swift; sourceTree = "<group>"; };
		DB904C4B1F04AD1700A656F4 /* ContactListInteractor.swift */ = {isa = PBXFileReference; fileEncoding = 4; lastKnownFileType = sourcecode.swift; path = ContactListInteractor.swift; sourceTree = "<group>"; };
		DB904C4D1F04B06E00A656F4 /* ContactListLocalDataManager.swift */ = {isa = PBXFileReference; fileEncoding = 4; lastKnownFileType = sourcecode.swift; path = ContactListLocalDataManager.swift; sourceTree = "<group>"; };
		DB9206451F0408890063B3D6 /* CoreDataStore.swift */ = {isa = PBXFileReference; fileEncoding = 4; lastKnownFileType = sourcecode.swift; path = CoreDataStore.swift; sourceTree = "<group>"; };
		DBBB6C291F03BEA4007A11FC /* ContactListRemoteDataManager.swift */ = {isa = PBXFileReference; fileEncoding = 4; lastKnownFileType = sourcecode.swift; path = ContactListRemoteDataManager.swift; sourceTree = "<group>"; };
		DBE1D98F1F03694F00AC3580 /* Endpoint.swift */ = {isa = PBXFileReference; fileEncoding = 4; lastKnownFileType = sourcecode.swift; path = Endpoint.swift; sourceTree = "<group>"; };
		DBE1D9911F0371D300AC3580 /* PersistenceError.swift */ = {isa = PBXFileReference; fileEncoding = 4; lastKnownFileType = sourcecode.swift; path = PersistenceError.swift; sourceTree = "<group>"; };
		DBF3F7FD1F03C7F4009C3E83 /* ContactListProtocol.swift */ = {isa = PBXFileReference; lastKnownFileType = sourcecode.swift; path = ContactListProtocol.swift; sourceTree = "<group>"; };
		DBF3F7FF1F0402C7009C3E83 /* Contact+CoreDataProperties.swift */ = {isa = PBXFileReference; lastKnownFileType = sourcecode.swift; path = "Contact+CoreDataProperties.swift"; sourceTree = "<group>"; };
		DBF3F8011F0403D2009C3E83 /* ContactModel.swift */ = {isa = PBXFileReference; lastKnownFileType = sourcecode.swift; path = ContactModel.swift; sourceTree = "<group>"; };
		F2BBBF87E31453BCD395F10F /* Pods_ContactsTests.framework */ = {isa = PBXFileReference; explicitFileType = wrapper.framework; includeInIndex = 0; path = Pods_ContactsTests.framework; sourceTree = BUILT_PRODUCTS_DIR; };
/* End PBXFileReference section */

/* Begin PBXFrameworksBuildPhase section */
		DB2B37331F03674100C6D75D /* Frameworks */ = {
			isa = PBXFrameworksBuildPhase;
			buildActionMask = 2147483647;
			files = (
				DD3F29849AC97D0949FB0BCE /* Pods_Contacts.framework in Frameworks */,
			);
			runOnlyForDeploymentPostprocessing = 0;
		};
		DB2B374A1F03674100C6D75D /* Frameworks */ = {
			isa = PBXFrameworksBuildPhase;
			buildActionMask = 2147483647;
			files = (
				C118AF1E29571172ECB19C2D /* Pods_ContactsTests.framework in Frameworks */,
			);
			runOnlyForDeploymentPostprocessing = 0;
		};
		DB2B37551F03674100C6D75D /* Frameworks */ = {
			isa = PBXFrameworksBuildPhase;
			buildActionMask = 2147483647;
			files = (
				B6DD2B1C4B4AF7A13EDD9A86 /* Pods_ContactsUITests.framework in Frameworks */,
			);
			runOnlyForDeploymentPostprocessing = 0;
		};
/* End PBXFrameworksBuildPhase section */

/* Begin PBXGroup section */
		0ED1F629BBACE3DDE381FE7B /* Frameworks */ = {
			isa = PBXGroup;
			children = (
				2615D01F01667A335A3FC158 /* Pods_Contacts.framework */,
				F2BBBF87E31453BCD395F10F /* Pods_ContactsTests.framework */,
				037C51E9502157EF13E640F6 /* Pods_ContactsUITests.framework */,
			);
			name = Frameworks;
			sourceTree = "<group>";
		};
		196B6C2CAECCE74C1667A2DD /* Pods */ = {
			isa = PBXGroup;
			children = (
				B9F82493D4F6B33BED284354 /* Pods-Contacts.debug.xcconfig */,
				D13AA8905CD29DB232801CA0 /* Pods-Contacts.release.xcconfig */,
				0CFF3C6A6030AC1103939D26 /* Pods-ContactsTests.debug.xcconfig */,
				1A352287D0657CFDCA57EA72 /* Pods-ContactsTests.release.xcconfig */,
				8F1F3421D97C377D3D5F801A /* Pods-ContactsUITests.debug.xcconfig */,
				79D5A95C4ED3577B3C2DE145 /* Pods-ContactsUITests.release.xcconfig */,
			);
			name = Pods;
			sourceTree = "<group>";
		};
		DB15C5E11F064AB100F0D7C1 /* Remote */ = {
			isa = PBXGroup;
			children = (
				DB15C5E31F064AF200F0D7C1 /* ContactDetailRemoteDataManager.swift */,
			);
			name = Remote;
			sourceTree = "<group>";
		};
		DB15C5E21F064ABA00F0D7C1 /* Local */ = {
			isa = PBXGroup;
			children = (
				DB15C5E51F064B0600F0D7C1 /* ContactDetailLocalDataManager.swift */,
			);
			name = Local;
			sourceTree = "<group>";
		};
		DB17BDBE1F0390DF008A13A7 /* View */ = {
			isa = PBXGroup;
			children = (
				DB17BDBF1F0390EF008A13A7 /* ContactTableViewCell.swift */,
				DB17BDBC1F038E61008A13A7 /* ContactListView.swift */,
			);
			name = View;
			sourceTree = "<group>";
		};
		DB1E98421F04FBA3005BE4AA /* WireFrame */ = {
			isa = PBXGroup;
			children = (
				DB1E98431F04FBB6005BE4AA /* ContactDetailWireFrame.swift */,
			);
			name = WireFrame;
			sourceTree = "<group>";
		};
		DB1E98451F04FC6E005BE4AA /* View */ = {
			isa = PBXGroup;
			children = (
				DB1E984B1F04FCA9005BE4AA /* ContactDetailView.swift */,
			);
			name = View;
			sourceTree = "<group>";
		};
		DB1E98461F04FC73005BE4AA /* Protocols */ = {
			isa = PBXGroup;
			children = (
				DB1E984D1F04FD1A005BE4AA /* ContactDetailProtocols.swift */,
			);
			name = Protocols;
			sourceTree = "<group>";
		};
		DB1E98471F04FC7B005BE4AA /* Presenter */ = {
			isa = PBXGroup;
			children = (
				DB1E984F1F04FD90005BE4AA /* ContactDetailPresenter.swift */,
			);
			name = Presenter;
			sourceTree = "<group>";
		};
		DB1E98481F04FC81005BE4AA /* Interactor */ = {
			isa = PBXGroup;
			children = (
				DB15C5DF1F064A5900F0D7C1 /* ContactDetailInteractor.swift */,
			);
			name = Interactor;
			sourceTree = "<group>";
		};
		DB1E98491F04FC8A005BE4AA /* DataManager */ = {
			isa = PBXGroup;
			children = (
				DB15C5E11F064AB100F0D7C1 /* Remote */,
				DB15C5E21F064ABA00F0D7C1 /* Local */,
			);
			name = DataManager;
			sourceTree = "<group>";
		};
		DB2B372D1F03674100C6D75D = {
			isa = PBXGroup;
			children = (
				DB2B37381F03674100C6D75D /* Contacts */,
				DB2B37501F03674100C6D75D /* ContactsTests */,
				DB2B375B1F03674100C6D75D /* ContactsUITests */,
				DB2B37371F03674100C6D75D /* Products */,
				196B6C2CAECCE74C1667A2DD /* Pods */,
				0ED1F629BBACE3DDE381FE7B /* Frameworks */,
			);
			sourceTree = "<group>";
		};
		DB2B37371F03674100C6D75D /* Products */ = {
			isa = PBXGroup;
			children = (
				DB2B37361F03674100C6D75D /* Contacts.app */,
				DB2B374D1F03674100C6D75D /* ContactsTests.xctest */,
				DB2B37581F03674100C6D75D /* ContactsUITests.xctest */,
			);
			name = Products;
			sourceTree = "<group>";
		};
		DB2B37381F03674100C6D75D /* Contacts */ = {
			isa = PBXGroup;
			children = (
				DBE1D9891F0368ED00AC3580 /* Common */,
				DBE1D98A1F0368F500AC3580 /* Entities */,
				DBE1D98E1F03692200AC3580 /* EditContact */,
				DBE1D98D1F03691B00AC3580 /* AddContact */,
				DBE1D98C1F03690E00AC3580 /* ContactDetail */,
				DBE1D98B1F03690700AC3580 /* ContactList */,
				DB2B37391F03674100C6D75D /* AppDelegate.swift */,
				DB2B373B1F03674100C6D75D /* ViewController.swift */,
				DB2B373D1F03674100C6D75D /* Main.storyboard */,
				DB2B37431F03674100C6D75D /* Assets.xcassets */,
				DB2B37451F03674100C6D75D /* LaunchScreen.storyboard */,
				DB2B37481F03674100C6D75D /* Info.plist */,
				DB2B37401F03674100C6D75D /* DataModel.xcdatamodeld */,
				DB9206451F0408890063B3D6 /* CoreDataStore.swift */,
			);
			path = Contacts;
			sourceTree = "<group>";
		};
		DB2B37501F03674100C6D75D /* ContactsTests */ = {
			isa = PBXGroup;
			children = (
				DB2B37511F03674100C6D75D /* ContactsTests.swift */,
				DB2B37531F03674100C6D75D /* Info.plist */,
			);
			path = ContactsTests;
			sourceTree = "<group>";
		};
		DB2B375B1F03674100C6D75D /* ContactsUITests */ = {
			isa = PBXGroup;
			children = (
				DB2B375C1F03674100C6D75D /* ContactsUITests.swift */,
				DB2B375E1F03674100C6D75D /* Info.plist */,
			);
			path = ContactsUITests;
			sourceTree = "<group>";
		};
		DBA26ADE1F03B77900ADD99C /* DataManager */ = {
			isa = PBXGroup;
			children = (
				DBA26AE41F03B7B300ADD99C /* Remote */,
				DBA26AE31F03B7AE00ADD99C /* Local */,
			);
			name = DataManager;
			sourceTree = "<group>";
		};
		DBA26ADF1F03B78600ADD99C /* Interactor */ = {
			isa = PBXGroup;
			children = (
				DB904C4B1F04AD1700A656F4 /* ContactListInteractor.swift */,
			);
			name = Interactor;
			sourceTree = "<group>";
		};
		DBA26AE01F03B78D00ADD99C /* Presenter */ = {
			isa = PBXGroup;
			children = (
				DB904C491F04AB3E00A656F4 /* ContactListPresenter.swift */,
			);
			name = Presenter;
			sourceTree = "<group>";
		};
		DBA26AE11F03B79400ADD99C /* Protocols */ = {
			isa = PBXGroup;
			children = (
				DBF3F7FD1F03C7F4009C3E83 /* ContactListProtocol.swift */,
			);
			name = Protocols;
			sourceTree = "<group>";
		};
		DBA26AE21F03B7A000ADD99C /* WireFrame */ = {
			isa = PBXGroup;
			children = (
				DB904C471F04A54500A656F4 /* ContactListWireFrame.swift */,
			);
			name = WireFrame;
			sourceTree = "<group>";
		};
		DBA26AE31F03B7AE00ADD99C /* Local */ = {
			isa = PBXGroup;
			children = (
				DB904C4D1F04B06E00A656F4 /* ContactListLocalDataManager.swift */,
			);
			name = Local;
			sourceTree = "<group>";
		};
		DBA26AE41F03B7B300ADD99C /* Remote */ = {
			isa = PBXGroup;
			children = (
				DBBB6C291F03BEA4007A11FC /* ContactListRemoteDataManager.swift */,
			);
			name = Remote;
			sourceTree = "<group>";
		};
		DBE1D9891F0368ED00AC3580 /* Common */ = {
			isa = PBXGroup;
			children = (
				DBE1D98F1F03694F00AC3580 /* Endpoint.swift */,
				DBE1D9911F0371D300AC3580 /* PersistenceError.swift */,
				DB8E7AA41F08C8AD006999B2 /* HUD.swift */,
				DB8E7AA61F08D2AB006999B2 /* UIViewUtilities.swift */,
				DB8E7AA81F08D443006999B2 /* ColorUtilities.swift */,
			);
			name = Common;
			sourceTree = "<group>";
		};
		DBE1D98A1F0368F500AC3580 /* Entities */ = {
			isa = PBXGroup;
			children = (
				DB2F4C7D1F049BA000820B26 /* Contact+CoreData.swift */,
				DBF3F7FF1F0402C7009C3E83 /* Contact+CoreDataProperties.swift */,
				DBF3F8011F0403D2009C3E83 /* ContactModel.swift */,
			);
			name = Entities;
			sourceTree = "<group>";
		};
		DBE1D98B1F03690700AC3580 /* ContactList */ = {
			isa = PBXGroup;
			children = (
				DBA26ADE1F03B77900ADD99C /* DataManager */,
				DBA26ADF1F03B78600ADD99C /* Interactor */,
				DBA26AE01F03B78D00ADD99C /* Presenter */,
				DBA26AE11F03B79400ADD99C /* Protocols */,
				DB17BDBE1F0390DF008A13A7 /* View */,
				DBA26AE21F03B7A000ADD99C /* WireFrame */,
			);
			name = ContactList;
			sourceTree = "<group>";
		};
		DBE1D98C1F03690E00AC3580 /* ContactDetail */ = {
			isa = PBXGroup;
			children = (
				DB1E98491F04FC8A005BE4AA /* DataManager */,
				DB1E98481F04FC81005BE4AA /* Interactor */,
				DB1E98471F04FC7B005BE4AA /* Presenter */,
				DB1E98461F04FC73005BE4AA /* Protocols */,
				DB1E98451F04FC6E005BE4AA /* View */,
				DB1E98421F04FBA3005BE4AA /* WireFrame */,
			);
			name = ContactDetail;
			sourceTree = "<group>";
		};
		DBE1D98D1F03691B00AC3580 /* AddContact */ = {
			isa = PBXGroup;
			children = (
			);
			name = AddContact;
			sourceTree = "<group>";
		};
		DBE1D98E1F03692200AC3580 /* EditContact */ = {
			isa = PBXGroup;
			children = (
			);
			name = EditContact;
			sourceTree = "<group>";
		};
/* End PBXGroup section */

/* Begin PBXNativeTarget section */
		DB2B37351F03674100C6D75D /* Contacts */ = {
			isa = PBXNativeTarget;
			buildConfigurationList = DB2B37611F03674100C6D75D /* Build configuration list for PBXNativeTarget "Contacts" */;
			buildPhases = (
				4267E4F99AF094C589A6F16B /* [CP] Check Pods Manifest.lock */,
				DB2B37321F03674100C6D75D /* Sources */,
				DB2B37331F03674100C6D75D /* Frameworks */,
				DB2B37341F03674100C6D75D /* Resources */,
				E491225DB3EF6F7249879334 /* [CP] Embed Pods Frameworks */,
				0446E7E5E5994A8E5000ED41 /* [CP] Copy Pods Resources */,
			);
			buildRules = (
			);
			dependencies = (
			);
			name = Contacts;
			productName = Contacts;
			productReference = DB2B37361F03674100C6D75D /* Contacts.app */;
			productType = "com.apple.product-type.application";
		};
		DB2B374C1F03674100C6D75D /* ContactsTests */ = {
			isa = PBXNativeTarget;
			buildConfigurationList = DB2B37641F03674100C6D75D /* Build configuration list for PBXNativeTarget "ContactsTests" */;
			buildPhases = (
				19AD2B7B9AFE4F734E6B5C1B /* [CP] Check Pods Manifest.lock */,
				DB2B37491F03674100C6D75D /* Sources */,
				DB2B374A1F03674100C6D75D /* Frameworks */,
				DB2B374B1F03674100C6D75D /* Resources */,
				1BA5CE960A151C711DBFC844 /* [CP] Embed Pods Frameworks */,
				2A021B7D887A2910FE90895B /* [CP] Copy Pods Resources */,
			);
			buildRules = (
			);
			dependencies = (
				DB2B374F1F03674100C6D75D /* PBXTargetDependency */,
			);
			name = ContactsTests;
			productName = ContactsTests;
			productReference = DB2B374D1F03674100C6D75D /* ContactsTests.xctest */;
			productType = "com.apple.product-type.bundle.unit-test";
		};
		DB2B37571F03674100C6D75D /* ContactsUITests */ = {
			isa = PBXNativeTarget;
			buildConfigurationList = DB2B37671F03674100C6D75D /* Build configuration list for PBXNativeTarget "ContactsUITests" */;
			buildPhases = (
				4AB3FE1656C0B1DAD7C5B00C /* [CP] Check Pods Manifest.lock */,
				DB2B37541F03674100C6D75D /* Sources */,
				DB2B37551F03674100C6D75D /* Frameworks */,
				DB2B37561F03674100C6D75D /* Resources */,
				D392AB182264F41D54C7BE96 /* [CP] Embed Pods Frameworks */,
				180CF6F7864FB4F8E0238E93 /* [CP] Copy Pods Resources */,
			);
			buildRules = (
			);
			dependencies = (
				DB2B375A1F03674100C6D75D /* PBXTargetDependency */,
			);
			name = ContactsUITests;
			productName = ContactsUITests;
			productReference = DB2B37581F03674100C6D75D /* ContactsUITests.xctest */;
			productType = "com.apple.product-type.bundle.ui-testing";
		};
/* End PBXNativeTarget section */

/* Begin PBXProject section */
		DB2B372E1F03674100C6D75D /* Project object */ = {
			isa = PBXProject;
			attributes = {
				LastSwiftUpdateCheck = 0830;
				LastUpgradeCheck = 0830;
				ORGANIZATIONNAME = "Tebet Utara";
				TargetAttributes = {
					DB2B37351F03674100C6D75D = {
						CreatedOnToolsVersion = 8.3.3;
						DevelopmentTeam = NLMNPLR274;
						ProvisioningStyle = Automatic;
					};
					DB2B374C1F03674100C6D75D = {
						CreatedOnToolsVersion = 8.3.3;
						ProvisioningStyle = Automatic;
						TestTargetID = DB2B37351F03674100C6D75D;
					};
					DB2B37571F03674100C6D75D = {
						CreatedOnToolsVersion = 8.3.3;
						ProvisioningStyle = Automatic;
						TestTargetID = DB2B37351F03674100C6D75D;
					};
				};
			};
			buildConfigurationList = DB2B37311F03674100C6D75D /* Build configuration list for PBXProject "Contacts" */;
			compatibilityVersion = "Xcode 3.2";
			developmentRegion = English;
			hasScannedForEncodings = 0;
			knownRegions = (
				en,
				Base,
			);
			mainGroup = DB2B372D1F03674100C6D75D;
			productRefGroup = DB2B37371F03674100C6D75D /* Products */;
			projectDirPath = "";
			projectRoot = "";
			targets = (
				DB2B37351F03674100C6D75D /* Contacts */,
				DB2B374C1F03674100C6D75D /* ContactsTests */,
				DB2B37571F03674100C6D75D /* ContactsUITests */,
			);
		};
/* End PBXProject section */

/* Begin PBXResourcesBuildPhase section */
		DB2B37341F03674100C6D75D /* Resources */ = {
			isa = PBXResourcesBuildPhase;
			buildActionMask = 2147483647;
			files = (
				DB2B37471F03674100C6D75D /* LaunchScreen.storyboard in Resources */,
				DB2B37441F03674100C6D75D /* Assets.xcassets in Resources */,
				DB2B373F1F03674100C6D75D /* Main.storyboard in Resources */,
			);
			runOnlyForDeploymentPostprocessing = 0;
		};
		DB2B374B1F03674100C6D75D /* Resources */ = {
			isa = PBXResourcesBuildPhase;
			buildActionMask = 2147483647;
			files = (
			);
			runOnlyForDeploymentPostprocessing = 0;
		};
		DB2B37561F03674100C6D75D /* Resources */ = {
			isa = PBXResourcesBuildPhase;
			buildActionMask = 2147483647;
			files = (
			);
			runOnlyForDeploymentPostprocessing = 0;
		};
/* End PBXResourcesBuildPhase section */

/* Begin PBXShellScriptBuildPhase section */
		0446E7E5E5994A8E5000ED41 /* [CP] Copy Pods Resources */ = {
			isa = PBXShellScriptBuildPhase;
			buildActionMask = 2147483647;
			files = (
			);
			inputPaths = (
			);
			name = "[CP] Copy Pods Resources";
			outputPaths = (
			);
			runOnlyForDeploymentPostprocessing = 0;
			shellPath = /bin/sh;
			shellScript = "\"${SRCROOT}/Pods/Target Support Files/Pods-Contacts/Pods-Contacts-resources.sh\"\n";
			showEnvVarsInLog = 0;
		};
		180CF6F7864FB4F8E0238E93 /* [CP] Copy Pods Resources */ = {
			isa = PBXShellScriptBuildPhase;
			buildActionMask = 2147483647;
			files = (
			);
			inputPaths = (
			);
			name = "[CP] Copy Pods Resources";
			outputPaths = (
			);
			runOnlyForDeploymentPostprocessing = 0;
			shellPath = /bin/sh;
			shellScript = "\"${SRCROOT}/Pods/Target Support Files/Pods-ContactsUITests/Pods-ContactsUITests-resources.sh\"\n";
			showEnvVarsInLog = 0;
		};
		19AD2B7B9AFE4F734E6B5C1B /* [CP] Check Pods Manifest.lock */ = {
			isa = PBXShellScriptBuildPhase;
			buildActionMask = 2147483647;
			files = (
			);
			inputPaths = (
			);
			name = "[CP] Check Pods Manifest.lock";
			outputPaths = (
			);
			runOnlyForDeploymentPostprocessing = 0;
			shellPath = /bin/sh;
			shellScript = "diff \"${PODS_ROOT}/../Podfile.lock\" \"${PODS_ROOT}/Manifest.lock\" > /dev/null\nif [ $? != 0 ] ; then\n    # print error to STDERR\n    echo \"error: The sandbox is not in sync with the Podfile.lock. Run 'pod install' or update your CocoaPods installation.\" >&2\n    exit 1\nfi\n";
			showEnvVarsInLog = 0;
		};
		1BA5CE960A151C711DBFC844 /* [CP] Embed Pods Frameworks */ = {
			isa = PBXShellScriptBuildPhase;
			buildActionMask = 2147483647;
			files = (
			);
			inputPaths = (
			);
			name = "[CP] Embed Pods Frameworks";
			outputPaths = (
			);
			runOnlyForDeploymentPostprocessing = 0;
			shellPath = /bin/sh;
			shellScript = "\"${SRCROOT}/Pods/Target Support Files/Pods-ContactsTests/Pods-ContactsTests-frameworks.sh\"\n";
			showEnvVarsInLog = 0;
		};
		2A021B7D887A2910FE90895B /* [CP] Copy Pods Resources */ = {
			isa = PBXShellScriptBuildPhase;
			buildActionMask = 2147483647;
			files = (
			);
			inputPaths = (
			);
			name = "[CP] Copy Pods Resources";
			outputPaths = (
			);
			runOnlyForDeploymentPostprocessing = 0;
			shellPath = /bin/sh;
			shellScript = "\"${SRCROOT}/Pods/Target Support Files/Pods-ContactsTests/Pods-ContactsTests-resources.sh\"\n";
			showEnvVarsInLog = 0;
		};
		4267E4F99AF094C589A6F16B /* [CP] Check Pods Manifest.lock */ = {
			isa = PBXShellScriptBuildPhase;
			buildActionMask = 2147483647;
			files = (
			);
			inputPaths = (
			);
			name = "[CP] Check Pods Manifest.lock";
			outputPaths = (
			);
			runOnlyForDeploymentPostprocessing = 0;
			shellPath = /bin/sh;
			shellScript = "diff \"${PODS_ROOT}/../Podfile.lock\" \"${PODS_ROOT}/Manifest.lock\" > /dev/null\nif [ $? != 0 ] ; then\n    # print error to STDERR\n    echo \"error: The sandbox is not in sync with the Podfile.lock. Run 'pod install' or update your CocoaPods installation.\" >&2\n    exit 1\nfi\n";
			showEnvVarsInLog = 0;
		};
		4AB3FE1656C0B1DAD7C5B00C /* [CP] Check Pods Manifest.lock */ = {
			isa = PBXShellScriptBuildPhase;
			buildActionMask = 2147483647;
			files = (
			);
			inputPaths = (
			);
			name = "[CP] Check Pods Manifest.lock";
			outputPaths = (
			);
			runOnlyForDeploymentPostprocessing = 0;
			shellPath = /bin/sh;
			shellScript = "diff \"${PODS_ROOT}/../Podfile.lock\" \"${PODS_ROOT}/Manifest.lock\" > /dev/null\nif [ $? != 0 ] ; then\n    # print error to STDERR\n    echo \"error: The sandbox is not in sync with the Podfile.lock. Run 'pod install' or update your CocoaPods installation.\" >&2\n    exit 1\nfi\n";
			showEnvVarsInLog = 0;
		};
		D392AB182264F41D54C7BE96 /* [CP] Embed Pods Frameworks */ = {
			isa = PBXShellScriptBuildPhase;
			buildActionMask = 2147483647;
			files = (
			);
			inputPaths = (
			);
			name = "[CP] Embed Pods Frameworks";
			outputPaths = (
			);
			runOnlyForDeploymentPostprocessing = 0;
			shellPath = /bin/sh;
			shellScript = "\"${SRCROOT}/Pods/Target Support Files/Pods-ContactsUITests/Pods-ContactsUITests-frameworks.sh\"\n";
			showEnvVarsInLog = 0;
		};
		E491225DB3EF6F7249879334 /* [CP] Embed Pods Frameworks */ = {
			isa = PBXShellScriptBuildPhase;
			buildActionMask = 2147483647;
			files = (
			);
			inputPaths = (
			);
			name = "[CP] Embed Pods Frameworks";
			outputPaths = (
			);
			runOnlyForDeploymentPostprocessing = 0;
			shellPath = /bin/sh;
			shellScript = "\"${SRCROOT}/Pods/Target Support Files/Pods-Contacts/Pods-Contacts-frameworks.sh\"\n";
			showEnvVarsInLog = 0;
		};
/* End PBXShellScriptBuildPhase section */

/* Begin PBXSourcesBuildPhase section */
		DB2B37321F03674100C6D75D /* Sources */ = {
			isa = PBXSourcesBuildPhase;
			buildActionMask = 2147483647;
			files = (
				DB17BDBD1F038E61008A13A7 /* ContactListView.swift in Sources */,
				DBF3F8021F0403D2009C3E83 /* ContactModel.swift in Sources */,
				DB2B373C1F03674100C6D75D /* ViewController.swift in Sources */,
				DB904C481F04A54500A656F4 /* ContactListWireFrame.swift in Sources */,
				DB2B373A1F03674100C6D75D /* AppDelegate.swift in Sources */,
				DB15C5E61F064B0700F0D7C1 /* ContactDetailLocalDataManager.swift in Sources */,
				DB904C4E1F04B06E00A656F4 /* ContactListLocalDataManager.swift in Sources */,
				DB17BDC01F0390EF008A13A7 /* ContactTableViewCell.swift in Sources */,
				DB9206461F0408890063B3D6 /* CoreDataStore.swift in Sources */,
				DBE1D9901F03694F00AC3580 /* Endpoint.swift in Sources */,
				DBF3F8001F0402C7009C3E83 /* Contact+CoreDataProperties.swift in Sources */,
				DB904C4C1F04AD1700A656F4 /* ContactListInteractor.swift in Sources */,
				DB2F4C7E1F049BA000820B26 /* Contact+CoreData.swift in Sources */,
				DB15C5E01F064A5900F0D7C1 /* ContactDetailInteractor.swift in Sources */,
				DBE1D9921F0371D300AC3580 /* PersistenceError.swift in Sources */,
				DB1E98501F04FD90005BE4AA /* ContactDetailPresenter.swift in Sources */,
				DB1E98441F04FBB6005BE4AA /* ContactDetailWireFrame.swift in Sources */,
				DBBB6C2A1F03BEA4007A11FC /* ContactListRemoteDataManager.swift in Sources */,
				DB8E7AA91F08D443006999B2 /* ColorUtilities.swift in Sources */,
				DB1E984E1F04FD1A005BE4AA /* ContactDetailProtocols.swift in Sources */,
				DB8E7AA71F08D2AB006999B2 /* UIViewUtilities.swift in Sources */,
				DBF3F7FE1F03C7F4009C3E83 /* ContactListProtocol.swift in Sources */,
				DB2B37421F03674100C6D75D /* DataModel.xcdatamodeld in Sources */,
				DB8E7AA51F08C8AD006999B2 /* HUD.swift in Sources */,
				DB15C5E41F064AF200F0D7C1 /* ContactDetailRemoteDataManager.swift in Sources */,
				DB1E984C1F04FCA9005BE4AA /* ContactDetailView.swift in Sources */,
				DB904C4A1F04AB3E00A656F4 /* ContactListPresenter.swift in Sources */,
			);
			runOnlyForDeploymentPostprocessing = 0;
		};
		DB2B37491F03674100C6D75D /* Sources */ = {
			isa = PBXSourcesBuildPhase;
			buildActionMask = 2147483647;
			files = (
				DB2B37521F03674100C6D75D /* ContactsTests.swift in Sources */,
			);
			runOnlyForDeploymentPostprocessing = 0;
		};
		DB2B37541F03674100C6D75D /* Sources */ = {
			isa = PBXSourcesBuildPhase;
			buildActionMask = 2147483647;
			files = (
				DB2B375D1F03674100C6D75D /* ContactsUITests.swift in Sources */,
			);
			runOnlyForDeploymentPostprocessing = 0;
		};
/* End PBXSourcesBuildPhase section */

/* Begin PBXTargetDependency section */
		DB2B374F1F03674100C6D75D /* PBXTargetDependency */ = {
			isa = PBXTargetDependency;
			target = DB2B37351F03674100C6D75D /* Contacts */;
			targetProxy = DB2B374E1F03674100C6D75D /* PBXContainerItemProxy */;
		};
		DB2B375A1F03674100C6D75D /* PBXTargetDependency */ = {
			isa = PBXTargetDependency;
			target = DB2B37351F03674100C6D75D /* Contacts */;
			targetProxy = DB2B37591F03674100C6D75D /* PBXContainerItemProxy */;
		};
/* End PBXTargetDependency section */

/* Begin PBXVariantGroup section */
		DB2B373D1F03674100C6D75D /* Main.storyboard */ = {
			isa = PBXVariantGroup;
			children = (
				DB2B373E1F03674100C6D75D /* Base */,
			);
			name = Main.storyboard;
			sourceTree = "<group>";
		};
		DB2B37451F03674100C6D75D /* LaunchScreen.storyboard */ = {
			isa = PBXVariantGroup;
			children = (
				DB2B37461F03674100C6D75D /* Base */,
			);
			name = LaunchScreen.storyboard;
			sourceTree = "<group>";
		};
/* End PBXVariantGroup section */

/* Begin XCBuildConfiguration section */
		DB2B375F1F03674100C6D75D /* Debug */ = {
			isa = XCBuildConfiguration;
			buildSettings = {
				ALWAYS_SEARCH_USER_PATHS = NO;
				CLANG_ANALYZER_NONNULL = YES;
				CLANG_ANALYZER_NUMBER_OBJECT_CONVERSION = YES_AGGRESSIVE;
				CLANG_CXX_LANGUAGE_STANDARD = "gnu++0x";
				CLANG_CXX_LIBRARY = "libc++";
				CLANG_ENABLE_MODULES = YES;
				CLANG_ENABLE_OBJC_ARC = YES;
				CLANG_WARN_BOOL_CONVERSION = YES;
				CLANG_WARN_CONSTANT_CONVERSION = YES;
				CLANG_WARN_DIRECT_OBJC_ISA_USAGE = YES_ERROR;
				CLANG_WARN_DOCUMENTATION_COMMENTS = YES;
				CLANG_WARN_EMPTY_BODY = YES;
				CLANG_WARN_ENUM_CONVERSION = YES;
				CLANG_WARN_INFINITE_RECURSION = YES;
				CLANG_WARN_INT_CONVERSION = YES;
				CLANG_WARN_OBJC_ROOT_CLASS = YES_ERROR;
				CLANG_WARN_SUSPICIOUS_MOVE = YES;
				CLANG_WARN_UNREACHABLE_CODE = YES;
				CLANG_WARN__DUPLICATE_METHOD_MATCH = YES;
				"CODE_SIGN_IDENTITY[sdk=iphoneos*]" = "iPhone Developer";
				COPY_PHASE_STRIP = NO;
				DEBUG_INFORMATION_FORMAT = dwarf;
				ENABLE_STRICT_OBJC_MSGSEND = YES;
				ENABLE_TESTABILITY = YES;
				GCC_C_LANGUAGE_STANDARD = gnu99;
				GCC_DYNAMIC_NO_PIC = NO;
				GCC_NO_COMMON_BLOCKS = YES;
				GCC_OPTIMIZATION_LEVEL = 0;
				GCC_PREPROCESSOR_DEFINITIONS = (
					"DEBUG=1",
					"$(inherited)",
				);
				GCC_WARN_64_TO_32_BIT_CONVERSION = YES;
				GCC_WARN_ABOUT_RETURN_TYPE = YES_ERROR;
				GCC_WARN_UNDECLARED_SELECTOR = YES;
				GCC_WARN_UNINITIALIZED_AUTOS = YES_AGGRESSIVE;
				GCC_WARN_UNUSED_FUNCTION = YES;
				GCC_WARN_UNUSED_VARIABLE = YES;
				IPHONEOS_DEPLOYMENT_TARGET = 10.3;
				MTL_ENABLE_DEBUG_INFO = YES;
				ONLY_ACTIVE_ARCH = YES;
				SDKROOT = iphoneos;
				SWIFT_ACTIVE_COMPILATION_CONDITIONS = DEBUG;
				SWIFT_OPTIMIZATION_LEVEL = "-Onone";
			};
			name = Debug;
		};
		DB2B37601F03674100C6D75D /* Release */ = {
			isa = XCBuildConfiguration;
			buildSettings = {
				ALWAYS_SEARCH_USER_PATHS = NO;
				CLANG_ANALYZER_NONNULL = YES;
				CLANG_ANALYZER_NUMBER_OBJECT_CONVERSION = YES_AGGRESSIVE;
				CLANG_CXX_LANGUAGE_STANDARD = "gnu++0x";
				CLANG_CXX_LIBRARY = "libc++";
				CLANG_ENABLE_MODULES = YES;
				CLANG_ENABLE_OBJC_ARC = YES;
				CLANG_WARN_BOOL_CONVERSION = YES;
				CLANG_WARN_CONSTANT_CONVERSION = YES;
				CLANG_WARN_DIRECT_OBJC_ISA_USAGE = YES_ERROR;
				CLANG_WARN_DOCUMENTATION_COMMENTS = YES;
				CLANG_WARN_EMPTY_BODY = YES;
				CLANG_WARN_ENUM_CONVERSION = YES;
				CLANG_WARN_INFINITE_RECURSION = YES;
				CLANG_WARN_INT_CONVERSION = YES;
				CLANG_WARN_OBJC_ROOT_CLASS = YES_ERROR;
				CLANG_WARN_SUSPICIOUS_MOVE = YES;
				CLANG_WARN_UNREACHABLE_CODE = YES;
				CLANG_WARN__DUPLICATE_METHOD_MATCH = YES;
				"CODE_SIGN_IDENTITY[sdk=iphoneos*]" = "iPhone Developer";
				COPY_PHASE_STRIP = NO;
				DEBUG_INFORMATION_FORMAT = "dwarf-with-dsym";
				ENABLE_NS_ASSERTIONS = NO;
				ENABLE_STRICT_OBJC_MSGSEND = YES;
				GCC_C_LANGUAGE_STANDARD = gnu99;
				GCC_NO_COMMON_BLOCKS = YES;
				GCC_WARN_64_TO_32_BIT_CONVERSION = YES;
				GCC_WARN_ABOUT_RETURN_TYPE = YES_ERROR;
				GCC_WARN_UNDECLARED_SELECTOR = YES;
				GCC_WARN_UNINITIALIZED_AUTOS = YES_AGGRESSIVE;
				GCC_WARN_UNUSED_FUNCTION = YES;
				GCC_WARN_UNUSED_VARIABLE = YES;
				IPHONEOS_DEPLOYMENT_TARGET = 10.3;
				MTL_ENABLE_DEBUG_INFO = NO;
				SDKROOT = iphoneos;
				SWIFT_OPTIMIZATION_LEVEL = "-Owholemodule";
				VALIDATE_PRODUCT = YES;
			};
			name = Release;
		};
		DB2B37621F03674100C6D75D /* Debug */ = {
			isa = XCBuildConfiguration;
			baseConfigurationReference = B9F82493D4F6B33BED284354 /* Pods-Contacts.debug.xcconfig */;
			buildSettings = {
				ASSETCATALOG_COMPILER_APPICON_NAME = AppIcon;
				DEVELOPMENT_TEAM = NLMNPLR274;
				INFOPLIST_FILE = Contacts/Info.plist;
				LD_RUNPATH_SEARCH_PATHS = "$(inherited) @executable_path/Frameworks";
				PRODUCT_BUNDLE_IDENTIFIER = com.ipardosi.Contacts;
				PRODUCT_NAME = "$(TARGET_NAME)";
				SWIFT_VERSION = 3.0;
			};
			name = Debug;
		};
		DB2B37631F03674100C6D75D /* Release */ = {
			isa = XCBuildConfiguration;
			baseConfigurationReference = D13AA8905CD29DB232801CA0 /* Pods-Contacts.release.xcconfig */;
			buildSettings = {
				ASSETCATALOG_COMPILER_APPICON_NAME = AppIcon;
				DEVELOPMENT_TEAM = NLMNPLR274;
				INFOPLIST_FILE = Contacts/Info.plist;
				LD_RUNPATH_SEARCH_PATHS = "$(inherited) @executable_path/Frameworks";
				PRODUCT_BUNDLE_IDENTIFIER = com.ipardosi.Contacts;
				PRODUCT_NAME = "$(TARGET_NAME)";
				SWIFT_VERSION = 3.0;
			};
			name = Release;
		};
		DB2B37651F03674100C6D75D /* Debug */ = {
			isa = XCBuildConfiguration;
			baseConfigurationReference = 0CFF3C6A6030AC1103939D26 /* Pods-ContactsTests.debug.xcconfig */;
			buildSettings = {
				ALWAYS_EMBED_SWIFT_STANDARD_LIBRARIES = YES;
				BUNDLE_LOADER = "$(TEST_HOST)";
				INFOPLIST_FILE = ContactsTests/Info.plist;
				LD_RUNPATH_SEARCH_PATHS = "$(inherited) @executable_path/Frameworks @loader_path/Frameworks";
				PRODUCT_BUNDLE_IDENTIFIER = com.ipardosi.ContactsTests;
				PRODUCT_NAME = "$(TARGET_NAME)";
				SWIFT_VERSION = 3.0;
				TEST_HOST = "$(BUILT_PRODUCTS_DIR)/Contacts.app/Contacts";
			};
			name = Debug;
		};
		DB2B37661F03674100C6D75D /* Release */ = {
			isa = XCBuildConfiguration;
			baseConfigurationReference = 1A352287D0657CFDCA57EA72 /* Pods-ContactsTests.release.xcconfig */;
			buildSettings = {
				ALWAYS_EMBED_SWIFT_STANDARD_LIBRARIES = YES;
				BUNDLE_LOADER = "$(TEST_HOST)";
				INFOPLIST_FILE = ContactsTests/Info.plist;
				LD_RUNPATH_SEARCH_PATHS = "$(inherited) @executable_path/Frameworks @loader_path/Frameworks";
				PRODUCT_BUNDLE_IDENTIFIER = com.ipardosi.ContactsTests;
				PRODUCT_NAME = "$(TARGET_NAME)";
				SWIFT_VERSION = 3.0;
				TEST_HOST = "$(BUILT_PRODUCTS_DIR)/Contacts.app/Contacts";
			};
			name = Release;
		};
		DB2B37681F03674100C6D75D /* Debug */ = {
			isa = XCBuildConfiguration;
			baseConfigurationReference = 8F1F3421D97C377D3D5F801A /* Pods-ContactsUITests.debug.xcconfig */;
			buildSettings = {
				ALWAYS_EMBED_SWIFT_STANDARD_LIBRARIES = YES;
				INFOPLIST_FILE = ContactsUITests/Info.plist;
				LD_RUNPATH_SEARCH_PATHS = "$(inherited) @executable_path/Frameworks @loader_path/Frameworks";
				PRODUCT_BUNDLE_IDENTIFIER = com.ipardosi.ContactsUITests;
				PRODUCT_NAME = "$(TARGET_NAME)";
				SWIFT_VERSION = 3.0;
				TEST_TARGET_NAME = Contacts;
			};
			name = Debug;
		};
		DB2B37691F03674100C6D75D /* Release */ = {
			isa = XCBuildConfiguration;
			baseConfigurationReference = 79D5A95C4ED3577B3C2DE145 /* Pods-ContactsUITests.release.xcconfig */;
			buildSettings = {
				ALWAYS_EMBED_SWIFT_STANDARD_LIBRARIES = YES;
				INFOPLIST_FILE = ContactsUITests/Info.plist;
				LD_RUNPATH_SEARCH_PATHS = "$(inherited) @executable_path/Frameworks @loader_path/Frameworks";
				PRODUCT_BUNDLE_IDENTIFIER = com.ipardosi.ContactsUITests;
				PRODUCT_NAME = "$(TARGET_NAME)";
				SWIFT_VERSION = 3.0;
				TEST_TARGET_NAME = Contacts;
			};
			name = Release;
		};
/* End XCBuildConfiguration section */

/* Begin XCConfigurationList section */
		DB2B37311F03674100C6D75D /* Build configuration list for PBXProject "Contacts" */ = {
			isa = XCConfigurationList;
			buildConfigurations = (
				DB2B375F1F03674100C6D75D /* Debug */,
				DB2B37601F03674100C6D75D /* Release */,
			);
			defaultConfigurationIsVisible = 0;
			defaultConfigurationName = Release;
		};
		DB2B37611F03674100C6D75D /* Build configuration list for PBXNativeTarget "Contacts" */ = {
			isa = XCConfigurationList;
			buildConfigurations = (
				DB2B37621F03674100C6D75D /* Debug */,
				DB2B37631F03674100C6D75D /* Release */,
			);
			defaultConfigurationIsVisible = 0;
			defaultConfigurationName = Release;
		};
		DB2B37641F03674100C6D75D /* Build configuration list for PBXNativeTarget "ContactsTests" */ = {
			isa = XCConfigurationList;
			buildConfigurations = (
				DB2B37651F03674100C6D75D /* Debug */,
				DB2B37661F03674100C6D75D /* Release */,
			);
			defaultConfigurationIsVisible = 0;
			defaultConfigurationName = Release;
		};
		DB2B37671F03674100C6D75D /* Build configuration list for PBXNativeTarget "ContactsUITests" */ = {
			isa = XCConfigurationList;
			buildConfigurations = (
				DB2B37681F03674100C6D75D /* Debug */,
				DB2B37691F03674100C6D75D /* Release */,
			);
			defaultConfigurationIsVisible = 0;
			defaultConfigurationName = Release;
		};
/* End XCConfigurationList section */

/* Begin XCVersionGroup section */
		DB2B37401F03674100C6D75D /* DataModel.xcdatamodeld */ = {
			isa = XCVersionGroup;
			children = (
				DB2B37411F03674100C6D75D /* DataModel.xcdatamodel */,
			);
			currentVersion = DB2B37411F03674100C6D75D /* DataModel.xcdatamodel */;
			path = DataModel.xcdatamodeld;
			sourceTree = "<group>";
			versionGroupType = wrapper.xcdatamodel;
		};
/* End XCVersionGroup section */
	};
	rootObject = DB2B372E1F03674100C6D75D /* Project object */;
}
